
Microsoft Visual Studio Solution File, Format Version 12.00
# Visual Studio Express 2012 for Windows Desktop
Project("{8BC9CEB8-8B4A-11D0-8D11-00A0C91BC942}") = "2018.09.11 C programming", "2018.09.11 C programming\2018.09.11 C programming.vcxproj", "{C7D51B5A-E21D-4BC1-A389-FD1DAAC3D0E4}"
EndProject
Project("{8BC9CEB8-8B4A-11D0-8D11-00A0C91BC942}") = "2018.09.11 C 1", "2018.09.11 C 1\2018.09.11 C 1.vcxproj", "{D07821B2-947C-4CB3-B7AA-9DA3789B21E0}"
EndProject
Project("{8BC9CEB8-8B4A-11D0-8D11-00A0C91BC942}") = "2018.10.02 변수작업", "2018.10.02 변수작업\2018.10.02 변수작업.vcxproj", "{FB75DA03-B6BF-497F-ACA8-70BF9FA8BCE4}"
EndProject
Project("{8BC9CEB8-8B4A-11D0-8D11-00A0C91BC942}") = "HW1-1", "Homework\Homework.vcxproj", "{08233272-D7A9-4B62-B07C-4799386A628D}"
EndProject
Project("{8BC9CEB8-8B4A-11D0-8D11-00A0C91BC942}") = "HW1-2", "HW1-2\HW1-2.vcxproj", "{2FB9D395-B39D-4F1E-B15C-C650EAD49238}"
EndProject
Project("{8BC9CEB8-8B4A-11D0-8D11-00A0C91BC942}") = "HW1-3", "HW1-3\HW1-3.vcxproj", "{CE80E03E-ED29-495B-BC30-C66E10A9EEDF}"
EndProject
Project("{8BC9CEB8-8B4A-11D0-8D11-00A0C91BC942}") = "HW1-4", "HW1-4\HW1-4.vcxproj", "{186CFE41-9251-4421-9237-3A0C3B1DE8B5}"
EndProject
Project("{8BC9CEB8-8B4A-11D0-8D11-00A0C91BC942}") = "HW1-5", "HW1-5\HW1-5.vcxproj", "{31CC8FEA-5F00-478D-8843-4A68CEE043AB}"
EndProject
Project("{8BC9CEB8-8B4A-11D0-8D11-00A0C91BC942}") = "2018.10.16 loop", "2018.10.16 loop\2018.10.16 loop.vcxproj", "{B2A147D7-2EE8-4D71-8079-1143C1B61946}"
EndProject
Project("{8BC9CEB8-8B4A-11D0-8D11-00A0C91BC942}") = "HW2-1", "HW2-1\HW2-1.vcxproj", "{C8D78C90-038D-4141-8A60-8B245C8F8DEC}"
EndProject
Global
	GlobalSection(SolutionConfigurationPlatforms) = preSolution
		Debug|Win32 = Debug|Win32
		Release|Win32 = Release|Win32
	EndGlobalSection
	GlobalSection(ProjectConfigurationPlatforms) = postSolution
		{C7D51B5A-E21D-4BC1-A389-FD1DAAC3D0E4}.Debug|Win32.ActiveCfg = Debug|Win32
		{C7D51B5A-E21D-4BC1-A389-FD1DAAC3D0E4}.Debug|Win32.Build.0 = Debug|Win32
		{C7D51B5A-E21D-4BC1-A389-FD1DAAC3D0E4}.Release|Win32.ActiveCfg = Release|Win32
		{C7D51B5A-E21D-4BC1-A389-FD1DAAC3D0E4}.Release|Win32.Build.0 = Release|Win32
		{D07821B2-947C-4CB3-B7AA-9DA3789B21E0}.Debug|Win32.ActiveCfg = Debug|Win32
		{D07821B2-947C-4CB3-B7AA-9DA3789B21E0}.Debug|Win32.Build.0 = Debug|Win32
		{D07821B2-947C-4CB3-B7AA-9DA3789B21E0}.Release|Win32.ActiveCfg = Release|Win32
		{D07821B2-947C-4CB3-B7AA-9DA3789B21E0}.Release|Win32.Build.0 = Release|Win32
		{FB75DA03-B6BF-497F-ACA8-70BF9FA8BCE4}.Debug|Win32.ActiveCfg = Debug|Win32
		{FB75DA03-B6BF-497F-ACA8-70BF9FA8BCE4}.Debug|Win32.Build.0 = Debug|Win32
		{FB75DA03-B6BF-497F-ACA8-70BF9FA8BCE4}.Release|Win32.ActiveCfg = Release|Win32
		{FB75DA03-B6BF-497F-ACA8-70BF9FA8BCE4}.Release|Win32.Build.0 = Release|Win32
		{08233272-D7A9-4B62-B07C-4799386A628D}.Debug|Win32.ActiveCfg = Debug|Win32
		{08233272-D7A9-4B62-B07C-4799386A628D}.Debug|Win32.Build.0 = Debug|Win32
		{08233272-D7A9-4B62-B07C-4799386A628D}.Release|Win32.ActiveCfg = Release|Win32
		{08233272-D7A9-4B62-B07C-4799386A628D}.Release|Win32.Build.0 = Release|Win32
		{2FB9D395-B39D-4F1E-B15C-C650EAD49238}.Debug|Win32.ActiveCfg = Debug|Win32
		{2FB9D395-B39D-4F1E-B15C-C650EAD49238}.Debug|Win32.Build.0 = Debug|Win32
		{2FB9D395-B39D-4F1E-B15C-C650EAD49238}.Release|Win32.ActiveCfg = Release|Win32
		{2FB9D395-B39D-4F1E-B15C-C650EAD49238}.Release|Win32.Build.0 = Release|Win32
		{CE80E03E-ED29-495B-BC30-C66E10A9EEDF}.Debug|Win32.ActiveCfg = Debug|Win32
		{CE80E03E-ED29-495B-BC30-C66E10A9EEDF}.Debug|Win32.Build.0 = Debug|Win32
		{CE80E03E-ED29-495B-BC30-C66E10A9EEDF}.Release|Win32.ActiveCfg = Release|Win32
		{CE80E03E-ED29-495B-BC30-C66E10A9EEDF}.Release|Win32.Build.0 = Release|Win32
		{186CFE41-9251-4421-9237-3A0C3B1DE8B5}.Debug|Win32.ActiveCfg = Debug|Win32
		{186CFE41-9251-4421-9237-3A0C3B1DE8B5}.Debug|Win32.Build.0 = Debug|Win32
		{186CFE41-9251-4421-9237-3A0C3B1DE8B5}.Release|Win32.ActiveCfg = Release|Win32
		{186CFE41-9251-4421-9237-3A0C3B1DE8B5}.Release|Win32.Build.0 = Release|Win32
		{31CC8FEA-5F00-478D-8843-4A68CEE043AB}.Debug|Win32.ActiveCfg = Debug|Win32
		{31CC8FEA-5F00-478D-8843-4A68CEE043AB}.Debug|Win32.Build.0 = Debug|Win32
		{31CC8FEA-5F00-478D-8843-4A68CEE043AB}.Release|Win32.ActiveCfg = Release|Win32
		{31CC8FEA-5F00-478D-8843-4A68CEE043AB}.Release|Win32.Build.0 = Release|Win32
		{B2A147D7-2EE8-4D71-8079-1143C1B61946}.Debug|Win32.ActiveCfg = Debug|Win32
		{B2A147D7-2EE8-4D71-8079-1143C1B61946}.Debug|Win32.Build.0 = Debug|Win32
		{B2A147D7-2EE8-4D71-8079-1143C1B61946}.Release|Win32.ActiveCfg = Release|Win32
		{B2A147D7-2EE8-4D71-8079-1143C1B61946}.Release|Win32.Build.0 = Release|Win32
		{C8D78C90-038D-4141-8A60-8B245C8F8DEC}.Debug|Win32.ActiveCfg = Debug|Win32
		{C8D78C90-038D-4141-8A60-8B245C8F8DEC}.Debug|Win32.Build.0 = Debug|Win32
		{C8D78C90-038D-4141-8A60-8B245C8F8DEC}.Release|Win32.ActiveCfg = Release|Win32
		{C8D78C90-038D-4141-8A60-8B245C8F8DEC}.Release|Win32.Build.0 = Release|Win32
	EndGlobalSection
	GlobalSection(SolutionProperties) = preSolution
		HideSolutionNode = FALSE
	EndGlobalSection
EndGlobal
