
Microsoft Visual Studio Solution File, Format Version 12.00
# Visual Studio Express 2012 for Windows Desktop
Project("{8BC9CEB8-8B4A-11D0-8D11-00A0C91BC942}") = "2018.09.11 C programming", "2018.09.11 C programming\2018.09.11 C programming.vcxproj", "{C7D51B5A-E21D-4BC1-A389-FD1DAAC3D0E4}"
EndProject
Project("{8BC9CEB8-8B4A-11D0-8D11-00A0C91BC942}") = "2018.09.11 C 1", "2018.09.11 C 1\2018.09.11 C 1.vcxproj", "{D07821B2-947C-4CB3-B7AA-9DA3789B21E0}"
EndProject
Project("{8BC9CEB8-8B4A-11D0-8D11-00A0C91BC942}") = "2018.10.02 변수작업", "2018.10.02 변수작업\2018.10.02 변수작업.vcxproj", "{FB75DA03-B6BF-497F-ACA8-70BF9FA8BCE4}"
EndProject
Project("{8BC9CEB8-8B4A-11D0-8D11-00A0C91BC942}") = "HW1-1", "Homework\Homework.vcxproj", "{08233272-D7A9-4B62-B07C-4799386A628D}"
EndProject
Project("{8BC9CEB8-8B4A-11D0-8D11-00A0C91BC942}") = "HW1-2", "HW1-2\HW1-2.vcxproj", "{2FB9D395-B39D-4F1E-B15C-C650EAD49238}"
EndProject
Project("{8BC9CEB8-8B4A-11D0-8D11-00A0C91BC942}") = "HW1-3", "HW1-3\HW1-3.vcxproj", "{CE80E03E-ED29-495B-BC30-C66E10A9EEDF}"
EndProject
Project("{8BC9CEB8-8B4A-11D0-8D11-00A0C91BC942}") = "HW1-4", "HW1-4\HW1-4.vcxproj", "{186CFE41-9251-4421-9237-3A0C3B1DE8B5}"
EndProject
Project("{8BC9CEB8-8B4A-11D0-8D11-00A0C91BC942}") = "HW1-5", "HW1-5\HW1-5.vcxproj", "{31CC8FEA-5F00-478D-8843-4A68CEE043AB}"
EndProject
Project("{8BC9CEB8-8B4A-11D0-8D11-00A0C91BC942}") = "2018.10.16 loop", "2018.10.16 loop\2018.10.16 loop.vcxproj", "{B2A147D7-2EE8-4D71-8079-1143C1B61946}"
EndProject
Project("{8BC9CEB8-8B4A-11D0-8D11-00A0C91BC942}") = "HW2-1", "HW2-1\HW2-1.vcxproj", "{C8D78C90-038D-4141-8A60-8B245C8F8DEC}"
EndProject
Project("{8BC9CEB8-8B4A-11D0-8D11-00A0C91BC942}") = "HW2-2", "HW2\HW2.vcxproj", "{874225B2-6791-4E1A-9144-F48A13C0AD94}"
EndProject
Project("{8BC9CEB8-8B4A-11D0-8D11-00A0C91BC942}") = "HW2-3", "HW2-3\HW2-3.vcxproj", "{AC30E0AF-F5D8-4553-A1ED-77702A3A952A}"
EndProject
Project("{8BC9CEB8-8B4A-11D0-8D11-00A0C91BC942}") = "HW2-4", "HW2-4\HW2-4.vcxproj", "{1E2E1DF7-183C-4A58-A558-E836E81DE095}"
EndProject
Project("{8BC9CEB8-8B4A-11D0-8D11-00A0C91BC942}") = "HW2-5", "HW2-5\HW2-5.vcxproj", "{02E0A292-759A-46BD-B6A5-EFC3F96F1757}"
EndProject
Project("{8BC9CEB8-8B4A-11D0-8D11-00A0C91BC942}") = "HW2-6", "HW2-6\HW2-6.vcxproj", "{7FCCD91B-480A-4CAA-A346-8B6961260C43}"
EndProject
Project("{8BC9CEB8-8B4A-11D0-8D11-00A0C91BC942}") = "HW2-7", "HW2-7\HW2-7.vcxproj", "{8DC3B421-5B59-4AAF-8AE1-F607E2C381C1}"
EndProject
Project("{8BC9CEB8-8B4A-11D0-8D11-00A0C91BC942}") = "HW2-8", "HW2-8\HW2-8.vcxproj", "{79192FE6-45D9-4DCE-9F52-34825995C193}"
EndProject
Project("{8BC9CEB8-8B4A-11D0-8D11-00A0C91BC942}") = "HW2-9", "HW2-9\HW2-9.vcxproj", "{E163ED08-F9E7-40CE-BC8F-1C3DBB91F129}"
EndProject
Project("{8BC9CEB8-8B4A-11D0-8D11-00A0C91BC942}") = "HW2-10", "HW2-10\HW2-10.vcxproj", "{4E2B6953-8E38-49F0-8DD1-C4C92458AE8F}"
EndProject
Project("{8BC9CEB8-8B4A-11D0-8D11-00A0C91BC942}") = "HW2-11", "HW2-11\HW2-11.vcxproj", "{30B0B0E8-6A24-4749-AE39-B9FB83C433CC}"
EndProject
Project("{8BC9CEB8-8B4A-11D0-8D11-00A0C91BC942}") = "HW2-12", "HW2-12\HW2-12.vcxproj", "{F7C98D1E-DA78-45E6-8ADA-5B378C3845FD}"
EndProject
Project("{8BC9CEB8-8B4A-11D0-8D11-00A0C91BC942}") = "HW2-13", "HW2-13\HW2-13.vcxproj", "{9EC3E6F3-8278-4AB4-9EAD-86535BA513AF}"
EndProject
Project("{8BC9CEB8-8B4A-11D0-8D11-00A0C91BC942}") = "HW2-14", "HW2-14\HW2-14.vcxproj", "{D3888F1D-ACF4-4A1D-8EDA-95EDEE3238DF}"
EndProject
Project("{8BC9CEB8-8B4A-11D0-8D11-00A0C91BC942}") = "HW2-15", "HW2-15\HW2-15.vcxproj", "{C4C06455-96B4-48EA-91B1-0F94D99A2675}"
EndProject
Project("{8BC9CEB8-8B4A-11D0-8D11-00A0C91BC942}") = "HW2-16", "HW2-16\HW2-16.vcxproj", "{1CB82EE0-CCEA-4837-B480-DD5398297874}"
EndProject
Project("{8BC9CEB8-8B4A-11D0-8D11-00A0C91BC942}") = "HW2-17", "HW2-17\HW2-17.vcxproj", "{0D79E037-4AAA-4101-8BE4-03041F7ACDFC}"
EndProject
Project("{8BC9CEB8-8B4A-11D0-8D11-00A0C91BC942}") = "HW2-18", "HW2-18\HW2-18.vcxproj", "{569D5AE3-336A-4700-B15C-63C0D5FB1AA4}"
EndProject
Project("{8BC9CEB8-8B4A-11D0-8D11-00A0C91BC942}") = "HW2-19", "HW2-19\HW2-19.vcxproj", "{0F4FE904-1BF0-45EF-9B8E-97147858742B}"
EndProject
Project("{8BC9CEB8-8B4A-11D0-8D11-00A0C91BC942}") = "HW2-20", "HW2-20\HW2-20.vcxproj", "{4B6EBD9A-FD38-464B-8E73-AFFFA62C0B51}"
EndProject
Project("{8BC9CEB8-8B4A-11D0-8D11-00A0C91BC942}") = "HW2-21", "HW2-21\HW2-21.vcxproj", "{C7E5236E-55EE-4C27-AF9C-94C3AE94F49C}"
EndProject
Project("{8BC9CEB8-8B4A-11D0-8D11-00A0C91BC942}") = "HW2-22", "HW2-22\HW2-22.vcxproj", "{4D4FAB2B-6976-4F3A-9D0B-23E809755C79}"
EndProject
Project("{8BC9CEB8-8B4A-11D0-8D11-00A0C91BC942}") = "HW2-23", "HW2-23\HW2-23.vcxproj", "{4D329E5E-B756-4F69-9CDF-C6981B2A97C8}"
EndProject
Project("{8BC9CEB8-8B4A-11D0-8D11-00A0C91BC942}") = "HW2-24", "HW2-24\HW2-24.vcxproj", "{8647C223-5507-4B00-95BC-911E156030F2}"
EndProject
Project("{8BC9CEB8-8B4A-11D0-8D11-00A0C91BC942}") = "HW2-25", "HW2-25\HW2-25.vcxproj", "{EEBCBA93-7E92-47C0-9A12-CA9F89ED60B3}"
EndProject
Project("{8BC9CEB8-8B4A-11D0-8D11-00A0C91BC942}") = "2018.10.18 함수", "2018.10.18 함수\2018.10.18 함수.vcxproj", "{C335A9CF-F100-4A9C-A560-2AD9462D49F7}"
EndProject
Project("{8BC9CEB8-8B4A-11D0-8D11-00A0C91BC942}") = "2018.10.30 array", "2018.10.30 array\2018.10.30 array.vcxproj", "{AF6192EE-9430-458C-8D12-2A6A6B05C3EB}"
EndProject
Project("{8BC9CEB8-8B4A-11D0-8D11-00A0C91BC942}") = "HW3-1", "HW3-1\HW3-1.vcxproj", "{BEEEEA2E-BB3C-4CEA-8196-7F8EA498A856}"
EndProject
Project("{8BC9CEB8-8B4A-11D0-8D11-00A0C91BC942}") = "HW3-7", "HW3-7\HW3-7.vcxproj", "{AF59715B-BE57-4031-903F-98B4628B3F54}"
EndProject
Project("{8BC9CEB8-8B4A-11D0-8D11-00A0C91BC942}") = "HW3-2", "HW3-2\HW3-2.vcxproj", "{5EBE1002-3476-4960-AAC9-5F48CAB21F57}"
EndProject
Project("{8BC9CEB8-8B4A-11D0-8D11-00A0C91BC942}") = "HW3-3", "HW3-3\HW3-3.vcxproj", "{FFA1D7D3-E989-49AE-B08F-3BA8305A0413}"
EndProject
Project("{8BC9CEB8-8B4A-11D0-8D11-00A0C91BC942}") = "HW3-4", "HW3-4\HW3-4.vcxproj", "{8E8A5795-8C08-4833-A51D-29523F9AE1FB}"
EndProject
Project("{8BC9CEB8-8B4A-11D0-8D11-00A0C91BC942}") = "HW3-5", "HW3-5\HW3-5.vcxproj", "{CBA23D94-F036-41D3-A2B6-32A70A6202C8}"
EndProject
Project("{8BC9CEB8-8B4A-11D0-8D11-00A0C91BC942}") = "HW3-8", "HW3-8\HW3-8.vcxproj", "{357E71E7-282D-4FE3-8556-C94994D6F9F9}"
EndProject
Project("{8BC9CEB8-8B4A-11D0-8D11-00A0C91BC942}") = "HW3-9", "HW3-9\HW3-9.vcxproj", "{8985CF4E-D134-4E51-9F21-70B632DB30E2}"
EndProject
Project("{8BC9CEB8-8B4A-11D0-8D11-00A0C91BC942}") = "2018.11.06 pointer", "2018.11.06 array\2018.11.06 array.vcxproj", "{6F107373-3BF5-4869-BE74-C14DFB1BB4C1}"
EndProject
Project("{8BC9CEB8-8B4A-11D0-8D11-00A0C91BC942}") = "2018.11.06 callbypointer", "2018.11.06 pointer 2\2018.11.06 pointer 2.vcxproj", "{B882B7BF-0F18-4DE2-8B1B-9597559274AA}"
EndProject
Project("{8BC9CEB8-8B4A-11D0-8D11-00A0C91BC942}") = "2018.11.06 swap", "2018.11.06 swap\2018.11.06 swap.vcxproj", "{F031A57D-622D-40B0-B543-FE885CCB5139}"
EndProject
Project("{8BC9CEB8-8B4A-11D0-8D11-00A0C91BC942}") = "2018.11.06 printerandarray", "2018.11.06 printerarray\2018.11.06 printerarray.vcxproj", "{A5B54815-49E1-46FC-AD8A-463663ABB869}"
EndProject
Project("{8BC9CEB8-8B4A-11D0-8D11-00A0C91BC942}") = "2018.11.13 arraypointer", "2018.11.13 arraypointer\2018.11.13 arraypointer.vcxproj", "{596BFA45-3DD6-4771-B9BF-27612685B457}"
EndProject
Project("{8BC9CEB8-8B4A-11D0-8D11-00A0C91BC942}") = "2018.11.13 selection sort", "2018.11.13 selection sort\2018.11.13 selection sort.vcxproj", "{2107EAE1-FDC7-45D4-85F9-CE6E85712F3F}"
EndProject
Global
	GlobalSection(SolutionConfigurationPlatforms) = preSolution
		Debug|Win32 = Debug|Win32
		Release|Win32 = Release|Win32
	EndGlobalSection
	GlobalSection(ProjectConfigurationPlatforms) = postSolution
		{C7D51B5A-E21D-4BC1-A389-FD1DAAC3D0E4}.Debug|Win32.ActiveCfg = Debug|Win32
		{C7D51B5A-E21D-4BC1-A389-FD1DAAC3D0E4}.Debug|Win32.Build.0 = Debug|Win32
		{C7D51B5A-E21D-4BC1-A389-FD1DAAC3D0E4}.Release|Win32.ActiveCfg = Release|Win32
		{C7D51B5A-E21D-4BC1-A389-FD1DAAC3D0E4}.Release|Win32.Build.0 = Release|Win32
		{D07821B2-947C-4CB3-B7AA-9DA3789B21E0}.Debug|Win32.ActiveCfg = Debug|Win32
		{D07821B2-947C-4CB3-B7AA-9DA3789B21E0}.Debug|Win32.Build.0 = Debug|Win32
		{D07821B2-947C-4CB3-B7AA-9DA3789B21E0}.Release|Win32.ActiveCfg = Release|Win32
		{D07821B2-947C-4CB3-B7AA-9DA3789B21E0}.Release|Win32.Build.0 = Release|Win32
		{FB75DA03-B6BF-497F-ACA8-70BF9FA8BCE4}.Debug|Win32.ActiveCfg = Debug|Win32
		{FB75DA03-B6BF-497F-ACA8-70BF9FA8BCE4}.Debug|Win32.Build.0 = Debug|Win32
		{FB75DA03-B6BF-497F-ACA8-70BF9FA8BCE4}.Release|Win32.ActiveCfg = Release|Win32
		{FB75DA03-B6BF-497F-ACA8-70BF9FA8BCE4}.Release|Win32.Build.0 = Release|Win32
		{08233272-D7A9-4B62-B07C-4799386A628D}.Debug|Win32.ActiveCfg = Debug|Win32
		{08233272-D7A9-4B62-B07C-4799386A628D}.Debug|Win32.Build.0 = Debug|Win32
		{08233272-D7A9-4B62-B07C-4799386A628D}.Release|Win32.ActiveCfg = Release|Win32
		{08233272-D7A9-4B62-B07C-4799386A628D}.Release|Win32.Build.0 = Release|Win32
		{2FB9D395-B39D-4F1E-B15C-C650EAD49238}.Debug|Win32.ActiveCfg = Debug|Win32
		{2FB9D395-B39D-4F1E-B15C-C650EAD49238}.Debug|Win32.Build.0 = Debug|Win32
		{2FB9D395-B39D-4F1E-B15C-C650EAD49238}.Release|Win32.ActiveCfg = Release|Win32
		{2FB9D395-B39D-4F1E-B15C-C650EAD49238}.Release|Win32.Build.0 = Release|Win32
		{CE80E03E-ED29-495B-BC30-C66E10A9EEDF}.Debug|Win32.ActiveCfg = Debug|Win32
		{CE80E03E-ED29-495B-BC30-C66E10A9EEDF}.Debug|Win32.Build.0 = Debug|Win32
		{CE80E03E-ED29-495B-BC30-C66E10A9EEDF}.Release|Win32.ActiveCfg = Release|Win32
		{CE80E03E-ED29-495B-BC30-C66E10A9EEDF}.Release|Win32.Build.0 = Release|Win32
		{186CFE41-9251-4421-9237-3A0C3B1DE8B5}.Debug|Win32.ActiveCfg = Debug|Win32
		{186CFE41-9251-4421-9237-3A0C3B1DE8B5}.Debug|Win32.Build.0 = Debug|Win32
		{186CFE41-9251-4421-9237-3A0C3B1DE8B5}.Release|Win32.ActiveCfg = Release|Win32
		{186CFE41-9251-4421-9237-3A0C3B1DE8B5}.Release|Win32.Build.0 = Release|Win32
		{31CC8FEA-5F00-478D-8843-4A68CEE043AB}.Debug|Win32.ActiveCfg = Debug|Win32
		{31CC8FEA-5F00-478D-8843-4A68CEE043AB}.Debug|Win32.Build.0 = Debug|Win32
		{31CC8FEA-5F00-478D-8843-4A68CEE043AB}.Release|Win32.ActiveCfg = Release|Win32
		{31CC8FEA-5F00-478D-8843-4A68CEE043AB}.Release|Win32.Build.0 = Release|Win32
		{B2A147D7-2EE8-4D71-8079-1143C1B61946}.Debug|Win32.ActiveCfg = Debug|Win32
		{B2A147D7-2EE8-4D71-8079-1143C1B61946}.Debug|Win32.Build.0 = Debug|Win32
		{B2A147D7-2EE8-4D71-8079-1143C1B61946}.Release|Win32.ActiveCfg = Release|Win32
		{B2A147D7-2EE8-4D71-8079-1143C1B61946}.Release|Win32.Build.0 = Release|Win32
		{C8D78C90-038D-4141-8A60-8B245C8F8DEC}.Debug|Win32.ActiveCfg = Debug|Win32
		{C8D78C90-038D-4141-8A60-8B245C8F8DEC}.Debug|Win32.Build.0 = Debug|Win32
		{C8D78C90-038D-4141-8A60-8B245C8F8DEC}.Release|Win32.ActiveCfg = Release|Win32
		{C8D78C90-038D-4141-8A60-8B245C8F8DEC}.Release|Win32.Build.0 = Release|Win32
		{874225B2-6791-4E1A-9144-F48A13C0AD94}.Debug|Win32.ActiveCfg = Debug|Win32
		{874225B2-6791-4E1A-9144-F48A13C0AD94}.Debug|Win32.Build.0 = Debug|Win32
		{874225B2-6791-4E1A-9144-F48A13C0AD94}.Release|Win32.ActiveCfg = Release|Win32
		{874225B2-6791-4E1A-9144-F48A13C0AD94}.Release|Win32.Build.0 = Release|Win32
		{AC30E0AF-F5D8-4553-A1ED-77702A3A952A}.Debug|Win32.ActiveCfg = Debug|Win32
		{AC30E0AF-F5D8-4553-A1ED-77702A3A952A}.Debug|Win32.Build.0 = Debug|Win32
		{AC30E0AF-F5D8-4553-A1ED-77702A3A952A}.Release|Win32.ActiveCfg = Release|Win32
		{AC30E0AF-F5D8-4553-A1ED-77702A3A952A}.Release|Win32.Build.0 = Release|Win32
		{1E2E1DF7-183C-4A58-A558-E836E81DE095}.Debug|Win32.ActiveCfg = Debug|Win32
		{1E2E1DF7-183C-4A58-A558-E836E81DE095}.Debug|Win32.Build.0 = Debug|Win32
		{1E2E1DF7-183C-4A58-A558-E836E81DE095}.Release|Win32.ActiveCfg = Release|Win32
		{1E2E1DF7-183C-4A58-A558-E836E81DE095}.Release|Win32.Build.0 = Release|Win32
		{02E0A292-759A-46BD-B6A5-EFC3F96F1757}.Debug|Win32.ActiveCfg = Debug|Win32
		{02E0A292-759A-46BD-B6A5-EFC3F96F1757}.Debug|Win32.Build.0 = Debug|Win32
		{02E0A292-759A-46BD-B6A5-EFC3F96F1757}.Release|Win32.ActiveCfg = Release|Win32
		{02E0A292-759A-46BD-B6A5-EFC3F96F1757}.Release|Win32.Build.0 = Release|Win32
		{7FCCD91B-480A-4CAA-A346-8B6961260C43}.Debug|Win32.ActiveCfg = Debug|Win32
		{7FCCD91B-480A-4CAA-A346-8B6961260C43}.Debug|Win32.Build.0 = Debug|Win32
		{7FCCD91B-480A-4CAA-A346-8B6961260C43}.Release|Win32.ActiveCfg = Release|Win32
		{7FCCD91B-480A-4CAA-A346-8B6961260C43}.Release|Win32.Build.0 = Release|Win32
		{8DC3B421-5B59-4AAF-8AE1-F607E2C381C1}.Debug|Win32.ActiveCfg = Debug|Win32
		{8DC3B421-5B59-4AAF-8AE1-F607E2C381C1}.Debug|Win32.Build.0 = Debug|Win32
		{8DC3B421-5B59-4AAF-8AE1-F607E2C381C1}.Release|Win32.ActiveCfg = Release|Win32
		{8DC3B421-5B59-4AAF-8AE1-F607E2C381C1}.Release|Win32.Build.0 = Release|Win32
		{79192FE6-45D9-4DCE-9F52-34825995C193}.Debug|Win32.ActiveCfg = Debug|Win32
		{79192FE6-45D9-4DCE-9F52-34825995C193}.Debug|Win32.Build.0 = Debug|Win32
		{79192FE6-45D9-4DCE-9F52-34825995C193}.Release|Win32.ActiveCfg = Release|Win32
		{79192FE6-45D9-4DCE-9F52-34825995C193}.Release|Win32.Build.0 = Release|Win32
		{E163ED08-F9E7-40CE-BC8F-1C3DBB91F129}.Debug|Win32.ActiveCfg = Debug|Win32
		{E163ED08-F9E7-40CE-BC8F-1C3DBB91F129}.Debug|Win32.Build.0 = Debug|Win32
		{E163ED08-F9E7-40CE-BC8F-1C3DBB91F129}.Release|Win32.ActiveCfg = Release|Win32
		{E163ED08-F9E7-40CE-BC8F-1C3DBB91F129}.Release|Win32.Build.0 = Release|Win32
		{4E2B6953-8E38-49F0-8DD1-C4C92458AE8F}.Debug|Win32.ActiveCfg = Debug|Win32
		{4E2B6953-8E38-49F0-8DD1-C4C92458AE8F}.Debug|Win32.Build.0 = Debug|Win32
		{4E2B6953-8E38-49F0-8DD1-C4C92458AE8F}.Release|Win32.ActiveCfg = Release|Win32
		{4E2B6953-8E38-49F0-8DD1-C4C92458AE8F}.Release|Win32.Build.0 = Release|Win32
		{30B0B0E8-6A24-4749-AE39-B9FB83C433CC}.Debug|Win32.ActiveCfg = Debug|Win32
		{30B0B0E8-6A24-4749-AE39-B9FB83C433CC}.Debug|Win32.Build.0 = Debug|Win32
		{30B0B0E8-6A24-4749-AE39-B9FB83C433CC}.Release|Win32.ActiveCfg = Release|Win32
		{30B0B0E8-6A24-4749-AE39-B9FB83C433CC}.Release|Win32.Build.0 = Release|Win32
		{F7C98D1E-DA78-45E6-8ADA-5B378C3845FD}.Debug|Win32.ActiveCfg = Debug|Win32
		{F7C98D1E-DA78-45E6-8ADA-5B378C3845FD}.Debug|Win32.Build.0 = Debug|Win32
		{F7C98D1E-DA78-45E6-8ADA-5B378C3845FD}.Release|Win32.ActiveCfg = Release|Win32
		{F7C98D1E-DA78-45E6-8ADA-5B378C3845FD}.Release|Win32.Build.0 = Release|Win32
		{9EC3E6F3-8278-4AB4-9EAD-86535BA513AF}.Debug|Win32.ActiveCfg = Debug|Win32
		{9EC3E6F3-8278-4AB4-9EAD-86535BA513AF}.Debug|Win32.Build.0 = Debug|Win32
		{9EC3E6F3-8278-4AB4-9EAD-86535BA513AF}.Release|Win32.ActiveCfg = Release|Win32
		{9EC3E6F3-8278-4AB4-9EAD-86535BA513AF}.Release|Win32.Build.0 = Release|Win32
		{D3888F1D-ACF4-4A1D-8EDA-95EDEE3238DF}.Debug|Win32.ActiveCfg = Debug|Win32
		{D3888F1D-ACF4-4A1D-8EDA-95EDEE3238DF}.Debug|Win32.Build.0 = Debug|Win32
		{D3888F1D-ACF4-4A1D-8EDA-95EDEE3238DF}.Release|Win32.ActiveCfg = Release|Win32
		{D3888F1D-ACF4-4A1D-8EDA-95EDEE3238DF}.Release|Win32.Build.0 = Release|Win32
		{C4C06455-96B4-48EA-91B1-0F94D99A2675}.Debug|Win32.ActiveCfg = Debug|Win32
		{C4C06455-96B4-48EA-91B1-0F94D99A2675}.Debug|Win32.Build.0 = Debug|Win32
		{C4C06455-96B4-48EA-91B1-0F94D99A2675}.Release|Win32.ActiveCfg = Release|Win32
		{C4C06455-96B4-48EA-91B1-0F94D99A2675}.Release|Win32.Build.0 = Release|Win32
		{1CB82EE0-CCEA-4837-B480-DD5398297874}.Debug|Win32.ActiveCfg = Debug|Win32
		{1CB82EE0-CCEA-4837-B480-DD5398297874}.Debug|Win32.Build.0 = Debug|Win32
		{1CB82EE0-CCEA-4837-B480-DD5398297874}.Release|Win32.ActiveCfg = Release|Win32
		{1CB82EE0-CCEA-4837-B480-DD5398297874}.Release|Win32.Build.0 = Release|Win32
		{0D79E037-4AAA-4101-8BE4-03041F7ACDFC}.Debug|Win32.ActiveCfg = Debug|Win32
		{0D79E037-4AAA-4101-8BE4-03041F7ACDFC}.Debug|Win32.Build.0 = Debug|Win32
		{0D79E037-4AAA-4101-8BE4-03041F7ACDFC}.Release|Win32.ActiveCfg = Release|Win32
		{0D79E037-4AAA-4101-8BE4-03041F7ACDFC}.Release|Win32.Build.0 = Release|Win32
		{569D5AE3-336A-4700-B15C-63C0D5FB1AA4}.Debug|Win32.ActiveCfg = Debug|Win32
		{569D5AE3-336A-4700-B15C-63C0D5FB1AA4}.Debug|Win32.Build.0 = Debug|Win32
		{569D5AE3-336A-4700-B15C-63C0D5FB1AA4}.Release|Win32.ActiveCfg = Release|Win32
		{569D5AE3-336A-4700-B15C-63C0D5FB1AA4}.Release|Win32.Build.0 = Release|Win32
		{0F4FE904-1BF0-45EF-9B8E-97147858742B}.Debug|Win32.ActiveCfg = Debug|Win32
		{0F4FE904-1BF0-45EF-9B8E-97147858742B}.Debug|Win32.Build.0 = Debug|Win32
		{0F4FE904-1BF0-45EF-9B8E-97147858742B}.Release|Win32.ActiveCfg = Release|Win32
		{0F4FE904-1BF0-45EF-9B8E-97147858742B}.Release|Win32.Build.0 = Release|Win32
		{4B6EBD9A-FD38-464B-8E73-AFFFA62C0B51}.Debug|Win32.ActiveCfg = Debug|Win32
		{4B6EBD9A-FD38-464B-8E73-AFFFA62C0B51}.Debug|Win32.Build.0 = Debug|Win32
		{4B6EBD9A-FD38-464B-8E73-AFFFA62C0B51}.Release|Win32.ActiveCfg = Release|Win32
		{4B6EBD9A-FD38-464B-8E73-AFFFA62C0B51}.Release|Win32.Build.0 = Release|Win32
		{C7E5236E-55EE-4C27-AF9C-94C3AE94F49C}.Debug|Win32.ActiveCfg = Debug|Win32
		{C7E5236E-55EE-4C27-AF9C-94C3AE94F49C}.Debug|Win32.Build.0 = Debug|Win32
		{C7E5236E-55EE-4C27-AF9C-94C3AE94F49C}.Release|Win32.ActiveCfg = Release|Win32
		{C7E5236E-55EE-4C27-AF9C-94C3AE94F49C}.Release|Win32.Build.0 = Release|Win32
		{4D4FAB2B-6976-4F3A-9D0B-23E809755C79}.Debug|Win32.ActiveCfg = Debug|Win32
		{4D4FAB2B-6976-4F3A-9D0B-23E809755C79}.Debug|Win32.Build.0 = Debug|Win32
		{4D4FAB2B-6976-4F3A-9D0B-23E809755C79}.Release|Win32.ActiveCfg = Release|Win32
		{4D4FAB2B-6976-4F3A-9D0B-23E809755C79}.Release|Win32.Build.0 = Release|Win32
		{4D329E5E-B756-4F69-9CDF-C6981B2A97C8}.Debug|Win32.ActiveCfg = Debug|Win32
		{4D329E5E-B756-4F69-9CDF-C6981B2A97C8}.Debug|Win32.Build.0 = Debug|Win32
		{4D329E5E-B756-4F69-9CDF-C6981B2A97C8}.Release|Win32.ActiveCfg = Release|Win32
		{4D329E5E-B756-4F69-9CDF-C6981B2A97C8}.Release|Win32.Build.0 = Release|Win32
		{8647C223-5507-4B00-95BC-911E156030F2}.Debug|Win32.ActiveCfg = Debug|Win32
		{8647C223-5507-4B00-95BC-911E156030F2}.Debug|Win32.Build.0 = Debug|Win32
		{8647C223-5507-4B00-95BC-911E156030F2}.Release|Win32.ActiveCfg = Release|Win32
		{8647C223-5507-4B00-95BC-911E156030F2}.Release|Win32.Build.0 = Release|Win32
		{EEBCBA93-7E92-47C0-9A12-CA9F89ED60B3}.Debug|Win32.ActiveCfg = Debug|Win32
		{EEBCBA93-7E92-47C0-9A12-CA9F89ED60B3}.Debug|Win32.Build.0 = Debug|Win32
		{EEBCBA93-7E92-47C0-9A12-CA9F89ED60B3}.Release|Win32.ActiveCfg = Release|Win32
		{EEBCBA93-7E92-47C0-9A12-CA9F89ED60B3}.Release|Win32.Build.0 = Release|Win32
		{C335A9CF-F100-4A9C-A560-2AD9462D49F7}.Debug|Win32.ActiveCfg = Debug|Win32
		{C335A9CF-F100-4A9C-A560-2AD9462D49F7}.Debug|Win32.Build.0 = Debug|Win32
		{C335A9CF-F100-4A9C-A560-2AD9462D49F7}.Release|Win32.ActiveCfg = Release|Win32
		{C335A9CF-F100-4A9C-A560-2AD9462D49F7}.Release|Win32.Build.0 = Release|Win32
		{AF6192EE-9430-458C-8D12-2A6A6B05C3EB}.Debug|Win32.ActiveCfg = Debug|Win32
		{AF6192EE-9430-458C-8D12-2A6A6B05C3EB}.Debug|Win32.Build.0 = Debug|Win32
		{AF6192EE-9430-458C-8D12-2A6A6B05C3EB}.Release|Win32.ActiveCfg = Release|Win32
		{AF6192EE-9430-458C-8D12-2A6A6B05C3EB}.Release|Win32.Build.0 = Release|Win32
		{BEEEEA2E-BB3C-4CEA-8196-7F8EA498A856}.Debug|Win32.ActiveCfg = Debug|Win32
		{BEEEEA2E-BB3C-4CEA-8196-7F8EA498A856}.Debug|Win32.Build.0 = Debug|Win32
		{BEEEEA2E-BB3C-4CEA-8196-7F8EA498A856}.Release|Win32.ActiveCfg = Release|Win32
		{BEEEEA2E-BB3C-4CEA-8196-7F8EA498A856}.Release|Win32.Build.0 = Release|Win32
		{AF59715B-BE57-4031-903F-98B4628B3F54}.Debug|Win32.ActiveCfg = Debug|Win32
		{AF59715B-BE57-4031-903F-98B4628B3F54}.Debug|Win32.Build.0 = Debug|Win32
		{AF59715B-BE57-4031-903F-98B4628B3F54}.Release|Win32.ActiveCfg = Release|Win32
		{AF59715B-BE57-4031-903F-98B4628B3F54}.Release|Win32.Build.0 = Release|Win32
		{5EBE1002-3476-4960-AAC9-5F48CAB21F57}.Debug|Win32.ActiveCfg = Debug|Win32
		{5EBE1002-3476-4960-AAC9-5F48CAB21F57}.Debug|Win32.Build.0 = Debug|Win32
		{5EBE1002-3476-4960-AAC9-5F48CAB21F57}.Release|Win32.ActiveCfg = Release|Win32
		{5EBE1002-3476-4960-AAC9-5F48CAB21F57}.Release|Win32.Build.0 = Release|Win32
		{FFA1D7D3-E989-49AE-B08F-3BA8305A0413}.Debug|Win32.ActiveCfg = Debug|Win32
		{FFA1D7D3-E989-49AE-B08F-3BA8305A0413}.Debug|Win32.Build.0 = Debug|Win32
		{FFA1D7D3-E989-49AE-B08F-3BA8305A0413}.Release|Win32.ActiveCfg = Release|Win32
		{FFA1D7D3-E989-49AE-B08F-3BA8305A0413}.Release|Win32.Build.0 = Release|Win32
		{8E8A5795-8C08-4833-A51D-29523F9AE1FB}.Debug|Win32.ActiveCfg = Debug|Win32
		{8E8A5795-8C08-4833-A51D-29523F9AE1FB}.Debug|Win32.Build.0 = Debug|Win32
		{8E8A5795-8C08-4833-A51D-29523F9AE1FB}.Release|Win32.ActiveCfg = Release|Win32
		{8E8A5795-8C08-4833-A51D-29523F9AE1FB}.Release|Win32.Build.0 = Release|Win32
		{CBA23D94-F036-41D3-A2B6-32A70A6202C8}.Debug|Win32.ActiveCfg = Debug|Win32
		{CBA23D94-F036-41D3-A2B6-32A70A6202C8}.Debug|Win32.Build.0 = Debug|Win32
		{CBA23D94-F036-41D3-A2B6-32A70A6202C8}.Release|Win32.ActiveCfg = Release|Win32
		{CBA23D94-F036-41D3-A2B6-32A70A6202C8}.Release|Win32.Build.0 = Release|Win32
		{357E71E7-282D-4FE3-8556-C94994D6F9F9}.Debug|Win32.ActiveCfg = Debug|Win32
		{357E71E7-282D-4FE3-8556-C94994D6F9F9}.Debug|Win32.Build.0 = Debug|Win32
		{357E71E7-282D-4FE3-8556-C94994D6F9F9}.Release|Win32.ActiveCfg = Release|Win32
		{357E71E7-282D-4FE3-8556-C94994D6F9F9}.Release|Win32.Build.0 = Release|Win32
		{8985CF4E-D134-4E51-9F21-70B632DB30E2}.Debug|Win32.ActiveCfg = Debug|Win32
		{8985CF4E-D134-4E51-9F21-70B632DB30E2}.Debug|Win32.Build.0 = Debug|Win32
		{8985CF4E-D134-4E51-9F21-70B632DB30E2}.Release|Win32.ActiveCfg = Release|Win32
		{8985CF4E-D134-4E51-9F21-70B632DB30E2}.Release|Win32.Build.0 = Release|Win32
		{6F107373-3BF5-4869-BE74-C14DFB1BB4C1}.Debug|Win32.ActiveCfg = Debug|Win32
		{6F107373-3BF5-4869-BE74-C14DFB1BB4C1}.Debug|Win32.Build.0 = Debug|Win32
		{6F107373-3BF5-4869-BE74-C14DFB1BB4C1}.Release|Win32.ActiveCfg = Release|Win32
		{6F107373-3BF5-4869-BE74-C14DFB1BB4C1}.Release|Win32.Build.0 = Release|Win32
		{B882B7BF-0F18-4DE2-8B1B-9597559274AA}.Debug|Win32.ActiveCfg = Debug|Win32
		{B882B7BF-0F18-4DE2-8B1B-9597559274AA}.Debug|Win32.Build.0 = Debug|Win32
		{B882B7BF-0F18-4DE2-8B1B-9597559274AA}.Release|Win32.ActiveCfg = Release|Win32
		{B882B7BF-0F18-4DE2-8B1B-9597559274AA}.Release|Win32.Build.0 = Release|Win32
		{F031A57D-622D-40B0-B543-FE885CCB5139}.Debug|Win32.ActiveCfg = Debug|Win32
		{F031A57D-622D-40B0-B543-FE885CCB5139}.Debug|Win32.Build.0 = Debug|Win32
		{F031A57D-622D-40B0-B543-FE885CCB5139}.Release|Win32.ActiveCfg = Release|Win32
		{F031A57D-622D-40B0-B543-FE885CCB5139}.Release|Win32.Build.0 = Release|Win32
		{A5B54815-49E1-46FC-AD8A-463663ABB869}.Debug|Win32.ActiveCfg = Debug|Win32
		{A5B54815-49E1-46FC-AD8A-463663ABB869}.Debug|Win32.Build.0 = Debug|Win32
		{A5B54815-49E1-46FC-AD8A-463663ABB869}.Release|Win32.ActiveCfg = Release|Win32
		{A5B54815-49E1-46FC-AD8A-463663ABB869}.Release|Win32.Build.0 = Release|Win32
		{596BFA45-3DD6-4771-B9BF-27612685B457}.Debug|Win32.ActiveCfg = Debug|Win32
		{596BFA45-3DD6-4771-B9BF-27612685B457}.Debug|Win32.Build.0 = Debug|Win32
		{596BFA45-3DD6-4771-B9BF-27612685B457}.Release|Win32.ActiveCfg = Release|Win32
		{596BFA45-3DD6-4771-B9BF-27612685B457}.Release|Win32.Build.0 = Release|Win32
		{2107EAE1-FDC7-45D4-85F9-CE6E85712F3F}.Debug|Win32.ActiveCfg = Debug|Win32
		{2107EAE1-FDC7-45D4-85F9-CE6E85712F3F}.Debug|Win32.Build.0 = Debug|Win32
		{2107EAE1-FDC7-45D4-85F9-CE6E85712F3F}.Release|Win32.ActiveCfg = Release|Win32
		{2107EAE1-FDC7-45D4-85F9-CE6E85712F3F}.Release|Win32.Build.0 = Release|Win32
	EndGlobalSection
	GlobalSection(SolutionProperties) = preSolution
		HideSolutionNode = FALSE
	EndGlobalSection
EndGlobal
